
Microsoft Visual Studio Solution File, Format Version 12.00
# Visual Studio 15
VisualStudioVersion = 15.0.26124.0
MinimumVisualStudioVersion = 15.0.26124.0
Project("{FAE04EC0-301F-11D3-BF4B-00C04F79EFBC}") = "PrimeService", "PrimeService\PrimeService.csproj", "{DC46233C-3778-4800-9433-BB08A12C3A15}"
EndProject
Project("{FAE04EC0-301F-11D3-BF4B-00C04F79EFBC}") = "PrimeService.Test", "PrimeService.Test\PrimeService.Test.csproj", "{ACB4A859-482A-4C87-A2DA-882CAF6DCF26}"
EndProject
Project("{FAE04EC0-301F-11D3-BF4B-00C04F79EFBC}") = "Doc.Test", "Doc.Test\Doc.Test.csproj", "{C88EA1E4-65F1-44EC-BDD0-011A1335EA3D}"
EndProject
Global
	GlobalSection(SolutionConfigurationPlatforms) = preSolution
		Debug|Any CPU = Debug|Any CPU
		Debug|x64 = Debug|x64
		Debug|x86 = Debug|x86
		Release|Any CPU = Release|Any CPU
		Release|x64 = Release|x64
		Release|x86 = Release|x86
	EndGlobalSection
	GlobalSection(SolutionProperties) = preSolution
		HideSolutionNode = FALSE
	EndGlobalSection
	GlobalSection(ProjectConfigurationPlatforms) = postSolution
		{DC46233C-3778-4800-9433-BB08A12C3A15}.Debug|Any CPU.ActiveCfg = Debug|Any CPU
		{DC46233C-3778-4800-9433-BB08A12C3A15}.Debug|Any CPU.Build.0 = Debug|Any CPU
		{DC46233C-3778-4800-9433-BB08A12C3A15}.Debug|x64.ActiveCfg = Debug|Any CPU
		{DC46233C-3778-4800-9433-BB08A12C3A15}.Debug|x64.Build.0 = Debug|Any CPU
		{DC46233C-3778-4800-9433-BB08A12C3A15}.Debug|x86.ActiveCfg = Debug|Any CPU
		{DC46233C-3778-4800-9433-BB08A12C3A15}.Debug|x86.Build.0 = Debug|Any CPU
		{DC46233C-3778-4800-9433-BB08A12C3A15}.Release|Any CPU.ActiveCfg = Release|Any CPU
		{DC46233C-3778-4800-9433-BB08A12C3A15}.Release|Any CPU.Build.0 = Release|Any CPU
		{DC46233C-3778-4800-9433-BB08A12C3A15}.Release|x64.ActiveCfg = Release|Any CPU
		{DC46233C-3778-4800-9433-BB08A12C3A15}.Release|x64.Build.0 = Release|Any CPU
		{DC46233C-3778-4800-9433-BB08A12C3A15}.Release|x86.ActiveCfg = Release|Any CPU
		{DC46233C-3778-4800-9433-BB08A12C3A15}.Release|x86.Build.0 = Release|Any CPU
		{ACB4A859-482A-4C87-A2DA-882CAF6DCF26}.Debug|Any CPU.ActiveCfg = Debug|Any CPU
		{ACB4A859-482A-4C87-A2DA-882CAF6DCF26}.Debug|Any CPU.Build.0 = Debug|Any CPU
		{ACB4A859-482A-4C87-A2DA-882CAF6DCF26}.Debug|x64.ActiveCfg = Debug|Any CPU
		{ACB4A859-482A-4C87-A2DA-882CAF6DCF26}.Debug|x64.Build.0 = Debug|Any CPU
		{ACB4A859-482A-4C87-A2DA-882CAF6DCF26}.Debug|x86.ActiveCfg = Debug|Any CPU
		{ACB4A859-482A-4C87-A2DA-882CAF6DCF26}.Debug|x86.Build.0 = Debug|Any CPU
		{ACB4A859-482A-4C87-A2DA-882CAF6DCF26}.Release|Any CPU.ActiveCfg = Release|Any CPU
		{ACB4A859-482A-4C87-A2DA-882CAF6DCF26}.Release|Any CPU.Build.0 = Release|Any CPU
		{ACB4A859-482A-4C87-A2DA-882CAF6DCF26}.Release|x64.ActiveCfg = Release|Any CPU
		{ACB4A859-482A-4C87-A2DA-882CAF6DCF26}.Release|x64.Build.0 = Release|Any CPU
		{ACB4A859-482A-4C87-A2DA-882CAF6DCF26}.Release|x86.ActiveCfg = Release|Any CPU
		{ACB4A859-482A-4C87-A2DA-882CAF6DCF26}.Release|x86.Build.0 = Release|Any CPU
		{C88EA1E4-65F1-44EC-BDD0-011A1335EA3D}.Debug|Any CPU.ActiveCfg = Debug|Any CPU
		{C88EA1E4-65F1-44EC-BDD0-011A1335EA3D}.Debug|Any CPU.Build.0 = Debug|Any CPU
		{C88EA1E4-65F1-44EC-BDD0-011A1335EA3D}.Debug|x64.ActiveCfg = Debug|Any CPU
		{C88EA1E4-65F1-44EC-BDD0-011A1335EA3D}.Debug|x64.Build.0 = Debug|Any CPU
		{C88EA1E4-65F1-44EC-BDD0-011A1335EA3D}.Debug|x86.ActiveCfg = Debug|Any CPU
		{C88EA1E4-65F1-44EC-BDD0-011A1335EA3D}.Debug|x86.Build.0 = Debug|Any CPU
		{C88EA1E4-65F1-44EC-BDD0-011A1335EA3D}.Release|Any CPU.ActiveCfg = Release|Any CPU
		{C88EA1E4-65F1-44EC-BDD0-011A1335EA3D}.Release|Any CPU.Build.0 = Release|Any CPU
		{C88EA1E4-65F1-44EC-BDD0-011A1335EA3D}.Release|x64.ActiveCfg = Release|Any CPU
		{C88EA1E4-65F1-44EC-BDD0-011A1335EA3D}.Release|x64.Build.0 = Release|Any CPU
		{C88EA1E4-65F1-44EC-BDD0-011A1335EA3D}.Release|x86.ActiveCfg = Release|Any CPU
		{C88EA1E4-65F1-44EC-BDD0-011A1335EA3D}.Release|x86.Build.0 = Release|Any CPU
	EndGlobalSection
EndGlobal
